
Microsoft Visual Studio Solution File, Format Version 12.00
# Visual Studio Version 16
VisualStudioVersion = 16.0.30717.126
MinimumVisualStudioVersion = 10.0.40219.1
Project("{FAE04EC0-301F-11D3-BF4B-00C04F79EFBC}") = "ShipStation", "ShipStation\ShipStation.csproj", "{8C4AC98A-7BC4-45A9-A362-CEB20F53BDE2}"
EndProject
Project("{54435603-DBB4-11D2-8724-00A0C9A8B90C}") = "Att_Pay", "Att_Pay\Att_Pay.vdproj", "{1F94F803-65CA-4FC2-8E21-75D6F76258EB}"
EndProject
Global
	GlobalSection(SolutionConfigurationPlatforms) = preSolution
		Debug|Any CPU = Debug|Any CPU
		Debug|x64 = Debug|x64
		Release|Any CPU = Release|Any CPU
		Release|x64 = Release|x64
	EndGlobalSection
	GlobalSection(ProjectConfigurationPlatforms) = postSolution
		{8C4AC98A-7BC4-45A9-A362-CEB20F53BDE2}.Debug|Any CPU.ActiveCfg = Debug|Any CPU
		{8C4AC98A-7BC4-45A9-A362-CEB20F53BDE2}.Debug|Any CPU.Build.0 = Debug|Any CPU
		{8C4AC98A-7BC4-45A9-A362-CEB20F53BDE2}.Debug|x64.ActiveCfg = Debug|x64
		{8C4AC98A-7BC4-45A9-A362-CEB20F53BDE2}.Debug|x64.Build.0 = Debug|x64
		{8C4AC98A-7BC4-45A9-A362-CEB20F53BDE2}.Release|Any CPU.ActiveCfg = Release|Any CPU
		{8C4AC98A-7BC4-45A9-A362-CEB20F53BDE2}.Release|Any CPU.Build.0 = Release|Any CPU
		{8C4AC98A-7BC4-45A9-A362-CEB20F53BDE2}.Release|x64.ActiveCfg = Release|x64
		{8C4AC98A-7BC4-45A9-A362-CEB20F53BDE2}.Release|x64.Build.0 = Release|x64
		{1F94F803-65CA-4FC2-8E21-75D6F76258EB}.Debug|Any CPU.ActiveCfg = Debug
		{1F94F803-65CA-4FC2-8E21-75D6F76258EB}.Debug|x64.ActiveCfg = Debug
		{1F94F803-65CA-4FC2-8E21-75D6F76258EB}.Release|Any CPU.ActiveCfg = Release
		{1F94F803-65CA-4FC2-8E21-75D6F76258EB}.Release|x64.ActiveCfg = Release
	EndGlobalSection
	GlobalSection(SolutionProperties) = preSolution
		HideSolutionNode = FALSE
	EndGlobalSection
	GlobalSection(ExtensibilityGlobals) = postSolution
		SolutionGuid = {C54E13EF-56E4-4BCE-8318-FB0C1886C874}
	EndGlobalSection
EndGlobal
